// !$*UTF8*$!
{
	archiveVersion = 1;
	classes = {
	};
	objectVersion = 51;
	objects = {

/* Begin PBXBuildFile section */
		526EA3B524BA05F40044EBE2 /* AppDelegate.swift in Sources */ = {isa = PBXBuildFile; fileRef = 526EA3B424BA05F40044EBE2 /* AppDelegate.swift */; };
		526EA3BE24BA05F50044EBE2 /* Assets.xcassets in Resources */ = {isa = PBXBuildFile; fileRef = 526EA3BD24BA05F50044EBE2 /* Assets.xcassets */; };
		526EA3C124BA05F50044EBE2 /* LaunchScreen.storyboard in Resources */ = {isa = PBXBuildFile; fileRef = 526EA3BF24BA05F50044EBE2 /* LaunchScreen.storyboard */; };
		526EA3C924BA08FD0044EBE2 /* GoogleService-Info.plist in Resources */ = {isa = PBXBuildFile; fileRef = 526EA3C824BA08FD0044EBE2 /* GoogleService-Info.plist */; };
		526EA3CC24BB5B320044EBE2 /* UserDefault.swift in Sources */ = {isa = PBXBuildFile; fileRef = 526EA3CB24BB5B320044EBE2 /* UserDefault.swift */; };
		529B916A24BF722500B2EE03 /* SwiftyRSA.framework in Frameworks */ = {isa = PBXBuildFile; fileRef = 529B916924BF722500B2EE03 /* SwiftyRSA.framework */; };
		52C7C6D024BCA408004A49EA /* SelectRollVC.swift in Sources */ = {isa = PBXBuildFile; fileRef = 52C7C6CF24BCA408004A49EA /* SelectRollVC.swift */; };
		52C7C6D224BCA41E004A49EA /* SelectRollView.swift in Sources */ = {isa = PBXBuildFile; fileRef = 52C7C6D124BCA41E004A49EA /* SelectRollView.swift */; };
		52C7C6DA24BCA61F004A49EA /* FinderVC.swift in Sources */ = {isa = PBXBuildFile; fileRef = 52C7C6D924BCA61F004A49EA /* FinderVC.swift */; };
		52C7C6DE24BCA6F9004A49EA /* ChildVC.swift in Sources */ = {isa = PBXBuildFile; fileRef = 52C7C6DD24BCA6F9004A49EA /* ChildVC.swift */; };
		52C7C6E124BCA991004A49EA /* ChildView.swift in Sources */ = {isa = PBXBuildFile; fileRef = 52C7C6E024BCA991004A49EA /* ChildView.swift */; };
		52C7C6E424BCAAEB004A49EA /* FinderView.swift in Sources */ = {isa = PBXBuildFile; fileRef = 52C7C6E324BCAAEB004A49EA /* FinderView.swift */; };
		52C7C6E824BCAB54004A49EA /* DB.swift in Sources */ = {isa = PBXBuildFile; fileRef = 52C7C6E724BCAB54004A49EA /* DB.swift */; };
		52C7C6EB24BCBBAF004A49EA /* FinderModel.swift in Sources */ = {isa = PBXBuildFile; fileRef = 52C7C6EA24BCBBAF004A49EA /* FinderModel.swift */; };
		52C7C6ED24BE008E004A49EA /* SnapKit.framework in Frameworks */ = {isa = PBXBuildFile; fileRef = 52C7C6EC24BE008E004A49EA /* SnapKit.framework */; };
		52C7C6EF24BE00A2004A49EA /* Lottie.framework in Frameworks */ = {isa = PBXBuildFile; fileRef = 52C7C6EE24BE00A2004A49EA /* Lottie.framework */; };
		52C7C6F524BE1232004A49EA /* LocationModel.swift in Sources */ = {isa = PBXBuildFile; fileRef = 52C7C6F424BE1232004A49EA /* LocationModel.swift */; };
		52C7C6F724BF33C3004A49EA /* DateExtension.swift in Sources */ = {isa = PBXBuildFile; fileRef = 52C7C6F624BF33C3004A49EA /* DateExtension.swift */; };
		52C7C6F924BF3675004A49EA /* StringExtension.swift in Sources */ = {isa = PBXBuildFile; fileRef = 52C7C6F824BF3675004A49EA /* StringExtension.swift */; };
		52C7C6FB24BF3F8A004A49EA /* ToastSwiftFramework.framework in Frameworks */ = {isa = PBXBuildFile; fileRef = 52C7C6FA24BF3F8A004A49EA /* ToastSwiftFramework.framework */; };
		52C7C6FD24BF3FB5004A49EA /* Issac.swift in Sources */ = {isa = PBXBuildFile; fileRef = 52C7C6FC24BF3FB5004A49EA /* Issac.swift */; };
		6CE42853BFFE701B58C79D54 /* Pods_FindDevy.framework in Frameworks */ = {isa = PBXBuildFile; fileRef = AC86175FC57ADD162CA91FEA /* Pods_FindDevy.framework */; };
/* End PBXBuildFile section */

/* Begin PBXFileReference section */
		526EA3B124BA05F40044EBE2 /* FindDevy.app */ = {isa = PBXFileReference; explicitFileType = wrapper.application; includeInIndex = 0; path = FindDevy.app; sourceTree = BUILT_PRODUCTS_DIR; };
		526EA3B424BA05F40044EBE2 /* AppDelegate.swift */ = {isa = PBXFileReference; lastKnownFileType = sourcecode.swift; path = AppDelegate.swift; sourceTree = "<group>"; };
		526EA3BD24BA05F50044EBE2 /* Assets.xcassets */ = {isa = PBXFileReference; lastKnownFileType = folder.assetcatalog; path = Assets.xcassets; sourceTree = "<group>"; };
		526EA3C024BA05F50044EBE2 /* Base */ = {isa = PBXFileReference; lastKnownFileType = file.storyboard; name = Base; path = Base.lproj/LaunchScreen.storyboard; sourceTree = "<group>"; };
		526EA3C224BA05F50044EBE2 /* Info.plist */ = {isa = PBXFileReference; lastKnownFileType = text.plist.xml; path = Info.plist; sourceTree = "<group>"; };
		526EA3C824BA08FD0044EBE2 /* GoogleService-Info.plist */ = {isa = PBXFileReference; fileEncoding = 4; lastKnownFileType = text.plist.xml; path = "GoogleService-Info.plist"; sourceTree = "<group>"; };
		526EA3CB24BB5B320044EBE2 /* UserDefault.swift */ = {isa = PBXFileReference; lastKnownFileType = sourcecode.swift; path = UserDefault.swift; sourceTree = "<group>"; };
		529B916924BF722500B2EE03 /* SwiftyRSA.framework */ = {isa = PBXFileReference; lastKnownFileType = wrapper.framework; name = SwiftyRSA.framework; path = Carthage/Build/iOS/SwiftyRSA.framework; sourceTree = "<group>"; };
		52C7C6CF24BCA408004A49EA /* SelectRollVC.swift */ = {isa = PBXFileReference; lastKnownFileType = sourcecode.swift; path = SelectRollVC.swift; sourceTree = "<group>"; };
		52C7C6D124BCA41E004A49EA /* SelectRollView.swift */ = {isa = PBXFileReference; lastKnownFileType = sourcecode.swift; path = SelectRollView.swift; sourceTree = "<group>"; };
		52C7C6D924BCA61F004A49EA /* FinderVC.swift */ = {isa = PBXFileReference; lastKnownFileType = sourcecode.swift; path = FinderVC.swift; sourceTree = "<group>"; };
		52C7C6DD24BCA6F9004A49EA /* ChildVC.swift */ = {isa = PBXFileReference; lastKnownFileType = sourcecode.swift; path = ChildVC.swift; sourceTree = "<group>"; };
		52C7C6E024BCA991004A49EA /* ChildView.swift */ = {isa = PBXFileReference; lastKnownFileType = sourcecode.swift; path = ChildView.swift; sourceTree = "<group>"; };
		52C7C6E324BCAAEB004A49EA /* FinderView.swift */ = {isa = PBXFileReference; lastKnownFileType = sourcecode.swift; path = FinderView.swift; sourceTree = "<group>"; };
		52C7C6E724BCAB54004A49EA /* DB.swift */ = {isa = PBXFileReference; lastKnownFileType = sourcecode.swift; path = DB.swift; sourceTree = "<group>"; };
		52C7C6EA24BCBBAF004A49EA /* FinderModel.swift */ = {isa = PBXFileReference; lastKnownFileType = sourcecode.swift; path = FinderModel.swift; sourceTree = "<group>"; };
		52C7C6EC24BE008E004A49EA /* SnapKit.framework */ = {isa = PBXFileReference; lastKnownFileType = wrapper.framework; name = SnapKit.framework; path = Carthage/Build/iOS/SnapKit.framework; sourceTree = "<group>"; };
		52C7C6EE24BE00A2004A49EA /* Lottie.framework */ = {isa = PBXFileReference; lastKnownFileType = wrapper.framework; name = Lottie.framework; path = Carthage/Build/iOS/Lottie.framework; sourceTree = "<group>"; };
		52C7C6F124BE0310004A49EA /* FindDevy.entitlements */ = {isa = PBXFileReference; lastKnownFileType = text.plist.entitlements; path = FindDevy.entitlements; sourceTree = "<group>"; };
		52C7C6F424BE1232004A49EA /* LocationModel.swift */ = {isa = PBXFileReference; lastKnownFileType = sourcecode.swift; path = LocationModel.swift; sourceTree = "<group>"; };
		52C7C6F624BF33C3004A49EA /* DateExtension.swift */ = {isa = PBXFileReference; lastKnownFileType = sourcecode.swift; path = DateExtension.swift; sourceTree = "<group>"; };
		52C7C6F824BF3675004A49EA /* StringExtension.swift */ = {isa = PBXFileReference; lastKnownFileType = sourcecode.swift; path = StringExtension.swift; sourceTree = "<group>"; };
		52C7C6FA24BF3F8A004A49EA /* ToastSwiftFramework.framework */ = {isa = PBXFileReference; lastKnownFileType = wrapper.framework; name = ToastSwiftFramework.framework; path = Carthage/Build/iOS/ToastSwiftFramework.framework; sourceTree = "<group>"; };
		52C7C6FC24BF3FB5004A49EA /* Issac.swift */ = {isa = PBXFileReference; lastKnownFileType = sourcecode.swift; path = Issac.swift; sourceTree = "<group>"; };
		556ABD857C85CF309C0B9454 /* Pods-FindDevy.debug.xcconfig */ = {isa = PBXFileReference; includeInIndex = 1; lastKnownFileType = text.xcconfig; name = "Pods-FindDevy.debug.xcconfig"; path = "Target Support Files/Pods-FindDevy/Pods-FindDevy.debug.xcconfig"; sourceTree = "<group>"; };
		AC86175FC57ADD162CA91FEA /* Pods_FindDevy.framework */ = {isa = PBXFileReference; explicitFileType = wrapper.framework; includeInIndex = 0; path = Pods_FindDevy.framework; sourceTree = BUILT_PRODUCTS_DIR; };
		C89664CB803BACDB191844CB /* Pods-FindDevy.release.xcconfig */ = {isa = PBXFileReference; includeInIndex = 1; lastKnownFileType = text.xcconfig; name = "Pods-FindDevy.release.xcconfig"; path = "Target Support Files/Pods-FindDevy/Pods-FindDevy.release.xcconfig"; sourceTree = "<group>"; };
/* End PBXFileReference section */

/* Begin PBXFrameworksBuildPhase section */
		526EA3AE24BA05F40044EBE2 /* Frameworks */ = {
			isa = PBXFrameworksBuildPhase;
			buildActionMask = 2147483647;
			files = (
				529B916A24BF722500B2EE03 /* SwiftyRSA.framework in Frameworks */,
				52C7C6FB24BF3F8A004A49EA /* ToastSwiftFramework.framework in Frameworks */,
				52C7C6EF24BE00A2004A49EA /* Lottie.framework in Frameworks */,
				52C7C6ED24BE008E004A49EA /* SnapKit.framework in Frameworks */,
				6CE42853BFFE701B58C79D54 /* Pods_FindDevy.framework in Frameworks */,
			);
			runOnlyForDeploymentPostprocessing = 0;
		};
/* End PBXFrameworksBuildPhase section */

/* Begin PBXGroup section */
		526EA3A824BA05F40044EBE2 = {
			isa = PBXGroup;
			children = (
				526EA3B324BA05F40044EBE2 /* FindDevy */,
				526EA3B224BA05F40044EBE2 /* Products */,
				7D39D378DE2607C5393C3D2E /* Pods */,
				A05697E3AC64F2A19FC856AB /* Frameworks */,
			);
			sourceTree = "<group>";
		};
		526EA3B224BA05F40044EBE2 /* Products */ = {
			isa = PBXGroup;
			children = (
				526EA3B124BA05F40044EBE2 /* FindDevy.app */,
			);
			name = Products;
			sourceTree = "<group>";
		};
		526EA3B324BA05F40044EBE2 /* FindDevy */ = {
			isa = PBXGroup;
			children = (
				52C7C6F124BE0310004A49EA /* FindDevy.entitlements */,
				52C7C6F324BE1224004A49EA /* LocationModel */,
				52C7C6E524BCAB29004A49EA /* Database */,
				52C7C6D324BCA479004A49EA /* SelectDate */,
				52C7C6DB24BCA660004A49EA /* Child */,
				52C7C6D724BCA608004A49EA /* Finder */,
				528E8FF724BCA3AB008D37D4 /* SelectRoll */,
				526EA3B424BA05F40044EBE2 /* AppDelegate.swift */,
				526EA3BD24BA05F50044EBE2 /* Assets.xcassets */,
				526EA3BF24BA05F50044EBE2 /* LaunchScreen.storyboard */,
				526EA3C224BA05F50044EBE2 /* Info.plist */,
				526EA3C824BA08FD0044EBE2 /* GoogleService-Info.plist */,
				526EA3CA24BB5B150044EBE2 /* Extension */,
			);
			path = FindDevy;
			sourceTree = "<group>";
		};
		526EA3CA24BB5B150044EBE2 /* Extension */ = {
			isa = PBXGroup;
			children = (
				526EA3CB24BB5B320044EBE2 /* UserDefault.swift */,
				52C7C6F624BF33C3004A49EA /* DateExtension.swift */,
				52C7C6F824BF3675004A49EA /* StringExtension.swift */,
				52C7C6FC24BF3FB5004A49EA /* Issac.swift */,
			);
			path = Extension;
			sourceTree = "<group>";
		};
		528E8FF724BCA3AB008D37D4 /* SelectRoll */ = {
			isa = PBXGroup;
			children = (
				528E8FF924BCA3BD008D37D4 /* View */,
				528E8FF824BCA3B7008D37D4 /* Controller */,
			);
			path = SelectRoll;
			sourceTree = "<group>";
		};
		528E8FF824BCA3B7008D37D4 /* Controller */ = {
			isa = PBXGroup;
			children = (
				52C7C6CF24BCA408004A49EA /* SelectRollVC.swift */,
			);
			path = Controller;
			sourceTree = "<group>";
		};
		528E8FF924BCA3BD008D37D4 /* View */ = {
			isa = PBXGroup;
			children = (
				52C7C6D124BCA41E004A49EA /* SelectRollView.swift */,
			);
			path = View;
			sourceTree = "<group>";
		};
		52C7C6D324BCA479004A49EA /* SelectDate */ = {
			isa = PBXGroup;
			children = (
				52C7C6D624BCA49C004A49EA /* Model */,
				52C7C6D524BCA496004A49EA /* View */,
				52C7C6D424BCA48B004A49EA /* Controller */,
			);
			path = SelectDate;
			sourceTree = "<group>";
		};
		52C7C6D424BCA48B004A49EA /* Controller */ = {
			isa = PBXGroup;
			children = (
			);
			path = Controller;
			sourceTree = "<group>";
		};
		52C7C6D524BCA496004A49EA /* View */ = {
			isa = PBXGroup;
			children = (
			);
			path = View;
			sourceTree = "<group>";
		};
		52C7C6D624BCA49C004A49EA /* Model */ = {
			isa = PBXGroup;
			children = (
			);
			path = Model;
			sourceTree = "<group>";
		};
		52C7C6D724BCA608004A49EA /* Finder */ = {
			isa = PBXGroup;
			children = (
				52C7C6E924BCBBA4004A49EA /* Model */,
				52C7C6E224BCAAE4004A49EA /* View */,
				52C7C6D824BCA613004A49EA /* Controller */,
			);
			path = Finder;
			sourceTree = "<group>";
		};
		52C7C6D824BCA613004A49EA /* Controller */ = {
			isa = PBXGroup;
			children = (
				52C7C6D924BCA61F004A49EA /* FinderVC.swift */,
			);
			path = Controller;
			sourceTree = "<group>";
		};
		52C7C6DB24BCA660004A49EA /* Child */ = {
			isa = PBXGroup;
			children = (
				52C7C6DF24BCA987004A49EA /* View */,
				52C7C6DC24BCA6EF004A49EA /* Controller */,
			);
			path = Child;
			sourceTree = "<group>";
		};
		52C7C6DC24BCA6EF004A49EA /* Controller */ = {
			isa = PBXGroup;
			children = (
				52C7C6DD24BCA6F9004A49EA /* ChildVC.swift */,
			);
			path = Controller;
			sourceTree = "<group>";
		};
		52C7C6DF24BCA987004A49EA /* View */ = {
			isa = PBXGroup;
			children = (
				52C7C6E024BCA991004A49EA /* ChildView.swift */,
			);
			path = View;
			sourceTree = "<group>";
		};
		52C7C6E224BCAAE4004A49EA /* View */ = {
			isa = PBXGroup;
			children = (
				52C7C6E324BCAAEB004A49EA /* FinderView.swift */,
			);
			path = View;
			sourceTree = "<group>";
		};
		52C7C6E524BCAB29004A49EA /* Database */ = {
			isa = PBXGroup;
			children = (
				52C7C6E724BCAB54004A49EA /* DB.swift */,
			);
			path = Database;
			sourceTree = "<group>";
		};
		52C7C6E924BCBBA4004A49EA /* Model */ = {
			isa = PBXGroup;
			children = (
				52C7C6EA24BCBBAF004A49EA /* FinderModel.swift */,
			);
			path = Model;
			sourceTree = "<group>";
		};
		52C7C6F324BE1224004A49EA /* LocationModel */ = {
			isa = PBXGroup;
			children = (
				52C7C6F424BE1232004A49EA /* LocationModel.swift */,
			);
			path = LocationModel;
			sourceTree = "<group>";
		};
		7D39D378DE2607C5393C3D2E /* Pods */ = {
			isa = PBXGroup;
			children = (
				556ABD857C85CF309C0B9454 /* Pods-FindDevy.debug.xcconfig */,
				C89664CB803BACDB191844CB /* Pods-FindDevy.release.xcconfig */,
			);
			path = Pods;
			sourceTree = "<group>";
		};
		A05697E3AC64F2A19FC856AB /* Frameworks */ = {
			isa = PBXGroup;
			children = (
				529B916924BF722500B2EE03 /* SwiftyRSA.framework */,
				52C7C6FA24BF3F8A004A49EA /* ToastSwiftFramework.framework */,
				52C7C6EE24BE00A2004A49EA /* Lottie.framework */,
				52C7C6EC24BE008E004A49EA /* SnapKit.framework */,
				AC86175FC57ADD162CA91FEA /* Pods_FindDevy.framework */,
			);
			name = Frameworks;
			sourceTree = "<group>";
		};
/* End PBXGroup section */

/* Begin PBXNativeTarget section */
		526EA3B024BA05F40044EBE2 /* FindDevy */ = {
			isa = PBXNativeTarget;
			buildConfigurationList = 526EA3C524BA05F50044EBE2 /* Build configuration list for PBXNativeTarget "FindDevy" */;
			buildPhases = (
				9846AE650AF1ACD0BCEE330D /* [CP] Check Pods Manifest.lock */,
				526EA3AD24BA05F40044EBE2 /* Sources */,
				526EA3AE24BA05F40044EBE2 /* Frameworks */,
				526EA3AF24BA05F40044EBE2 /* Resources */,
				EE5732BCBCDCA544D29E7E68 /* [CP] Embed Pods Frameworks */,
				52C7C6F024BE00C1004A49EA /* Carthage Run Script */,
			);
			buildRules = (
			);
			dependencies = (
			);
			name = FindDevy;
			productName = FindDevy;
			productReference = 526EA3B124BA05F40044EBE2 /* FindDevy.app */;
			productType = "com.apple.product-type.application";
		};
/* End PBXNativeTarget section */

/* Begin PBXProject section */
		526EA3A924BA05F40044EBE2 /* Project object */ = {
			isa = PBXProject;
			attributes = {
				LastSwiftUpdateCheck = 1150;
				LastUpgradeCheck = 1150;
				ORGANIZATIONNAME = "hyeoktae kwon";
				TargetAttributes = {
					526EA3B024BA05F40044EBE2 = {
						CreatedOnToolsVersion = 11.5;
					};
				};
			};
			buildConfigurationList = 526EA3AC24BA05F40044EBE2 /* Build configuration list for PBXProject "FindDevy" */;
			compatibilityVersion = "Xcode 9.3";
			developmentRegion = en;
			hasScannedForEncodings = 0;
			knownRegions = (
				en,
				Base,
			);
			mainGroup = 526EA3A824BA05F40044EBE2;
			productRefGroup = 526EA3B224BA05F40044EBE2 /* Products */;
			projectDirPath = "";
			projectRoot = "";
			targets = (
				526EA3B024BA05F40044EBE2 /* FindDevy */,
			);
		};
/* End PBXProject section */

/* Begin PBXResourcesBuildPhase section */
		526EA3AF24BA05F40044EBE2 /* Resources */ = {
			isa = PBXResourcesBuildPhase;
			buildActionMask = 2147483647;
			files = (
				526EA3C124BA05F50044EBE2 /* LaunchScreen.storyboard in Resources */,
				526EA3BE24BA05F50044EBE2 /* Assets.xcassets in Resources */,
				526EA3C924BA08FD0044EBE2 /* GoogleService-Info.plist in Resources */,
			);
			runOnlyForDeploymentPostprocessing = 0;
		};
/* End PBXResourcesBuildPhase section */

/* Begin PBXShellScriptBuildPhase section */
		52C7C6F024BE00C1004A49EA /* Carthage Run Script */ = {
			isa = PBXShellScriptBuildPhase;
			buildActionMask = 2147483647;
			files = (
			);
			inputFileListPaths = (
			);
			inputPaths = (
				"$(SRCROOT)/Carthage/Build/iOS/Lottie.framework",
				"$(SRCROOT)/Carthage/Build/iOS/SnapKit.framework",
				"$(SRCROOT)/Carthage/Build/iOS/ToastSwiftFramework.framework",
				"$(SRCROOT)/Carthage/Build/iOS/SwiftyRSA.framework",
			);
			name = "Carthage Run Script";
			outputFileListPaths = (
			);
			outputPaths = (
			);
			runOnlyForDeploymentPostprocessing = 0;
			shellPath = /bin/sh;
			shellScript = "/usr/local/bin/carthage copy-frameworks\n";
		};
		9846AE650AF1ACD0BCEE330D /* [CP] Check Pods Manifest.lock */ = {
			isa = PBXShellScriptBuildPhase;
			buildActionMask = 2147483647;
			files = (
			);
			inputFileListPaths = (
			);
			inputPaths = (
				"${PODS_PODFILE_DIR_PATH}/Podfile.lock",
				"${PODS_ROOT}/Manifest.lock",
			);
			name = "[CP] Check Pods Manifest.lock";
			outputFileListPaths = (
			);
			outputPaths = (
				"$(DERIVED_FILE_DIR)/Pods-FindDevy-checkManifestLockResult.txt",
			);
			runOnlyForDeploymentPostprocessing = 0;
			shellPath = /bin/sh;
			shellScript = "diff \"${PODS_PODFILE_DIR_PATH}/Podfile.lock\" \"${PODS_ROOT}/Manifest.lock\" > /dev/null\nif [ $? != 0 ] ; then\n    # print error to STDERR\n    echo \"error: The sandbox is not in sync with the Podfile.lock. Run 'pod install' or update your CocoaPods installation.\" >&2\n    exit 1\nfi\n# This output is used by Xcode 'outputs' to avoid re-running this script phase.\necho \"SUCCESS\" > \"${SCRIPT_OUTPUT_FILE_0}\"\n";
			showEnvVarsInLog = 0;
		};
		EE5732BCBCDCA544D29E7E68 /* [CP] Embed Pods Frameworks */ = {
			isa = PBXShellScriptBuildPhase;
			buildActionMask = 2147483647;
			files = (
			);
			inputFileListPaths = (
				"${PODS_ROOT}/Target Support Files/Pods-FindDevy/Pods-FindDevy-frameworks-${CONFIGURATION}-input-files.xcfilelist",
			);
			name = "[CP] Embed Pods Frameworks";
			outputFileListPaths = (
				"${PODS_ROOT}/Target Support Files/Pods-FindDevy/Pods-FindDevy-frameworks-${CONFIGURATION}-output-files.xcfilelist",
			);
			runOnlyForDeploymentPostprocessing = 0;
			shellPath = /bin/sh;
			shellScript = "\"${PODS_ROOT}/Target Support Files/Pods-FindDevy/Pods-FindDevy-frameworks.sh\"\n";
			showEnvVarsInLog = 0;
		};
/* End PBXShellScriptBuildPhase section */

/* Begin PBXSourcesBuildPhase section */
		526EA3AD24BA05F40044EBE2 /* Sources */ = {
			isa = PBXSourcesBuildPhase;
			buildActionMask = 2147483647;
			files = (
				526EA3B524BA05F40044EBE2 /* AppDelegate.swift in Sources */,
				52C7C6DA24BCA61F004A49EA /* FinderVC.swift in Sources */,
				52C7C6D024BCA408004A49EA /* SelectRollVC.swift in Sources */,
				52C7C6EB24BCBBAF004A49EA /* FinderModel.swift in Sources */,
				52C7C6DE24BCA6F9004A49EA /* ChildVC.swift in Sources */,
				52C7C6F524BE1232004A49EA /* LocationModel.swift in Sources */,
				526EA3CC24BB5B320044EBE2 /* UserDefault.swift in Sources */,
				52C7C6FD24BF3FB5004A49EA /* Issac.swift in Sources */,
				52C7C6E124BCA991004A49EA /* ChildView.swift in Sources */,
				52C7C6F724BF33C3004A49EA /* DateExtension.swift in Sources */,
				52C7C6E824BCAB54004A49EA /* DB.swift in Sources */,
				52C7C6E424BCAAEB004A49EA /* FinderView.swift in Sources */,
				52C7C6F924BF3675004A49EA /* StringExtension.swift in Sources */,
				52C7C6D224BCA41E004A49EA /* SelectRollView.swift in Sources */,
			);
			runOnlyForDeploymentPostprocessing = 0;
		};
/* End PBXSourcesBuildPhase section */

/* Begin PBXVariantGroup section */
		526EA3BF24BA05F50044EBE2 /* LaunchScreen.storyboard */ = {
			isa = PBXVariantGroup;
			children = (
				526EA3C024BA05F50044EBE2 /* Base */,
			);
			name = LaunchScreen.storyboard;
			sourceTree = "<group>";
		};
/* End PBXVariantGroup section */

/* Begin XCBuildConfiguration section */
		526EA3C324BA05F50044EBE2 /* Debug */ = {
			isa = XCBuildConfiguration;
			buildSettings = {
				ALWAYS_SEARCH_USER_PATHS = NO;
				CLANG_ANALYZER_NONNULL = YES;
				CLANG_ANALYZER_NUMBER_OBJECT_CONVERSION = YES_AGGRESSIVE;
				CLANG_CXX_LANGUAGE_STANDARD = "gnu++14";
				CLANG_CXX_LIBRARY = "libc++";
				CLANG_ENABLE_MODULES = YES;
				CLANG_ENABLE_OBJC_ARC = YES;
				CLANG_ENABLE_OBJC_WEAK = YES;
				CLANG_WARN_BLOCK_CAPTURE_AUTORELEASING = YES;
				CLANG_WARN_BOOL_CONVERSION = YES;
				CLANG_WARN_COMMA = YES;
				CLANG_WARN_CONSTANT_CONVERSION = YES;
				CLANG_WARN_DEPRECATED_OBJC_IMPLEMENTATIONS = YES;
				CLANG_WARN_DIRECT_OBJC_ISA_USAGE = YES_ERROR;
				CLANG_WARN_DOCUMENTATION_COMMENTS = YES;
				CLANG_WARN_EMPTY_BODY = YES;
				CLANG_WARN_ENUM_CONVERSION = YES;
				CLANG_WARN_INFINITE_RECURSION = YES;
				CLANG_WARN_INT_CONVERSION = YES;
				CLANG_WARN_NON_LITERAL_NULL_CONVERSION = YES;
				CLANG_WARN_OBJC_IMPLICIT_RETAIN_SELF = YES;
				CLANG_WARN_OBJC_LITERAL_CONVERSION = YES;
				CLANG_WARN_OBJC_ROOT_CLASS = YES_ERROR;
				CLANG_WARN_RANGE_LOOP_ANALYSIS = YES;
				CLANG_WARN_STRICT_PROTOTYPES = YES;
				CLANG_WARN_SUSPICIOUS_MOVE = YES;
				CLANG_WARN_UNGUARDED_AVAILABILITY = YES_AGGRESSIVE;
				CLANG_WARN_UNREACHABLE_CODE = YES;
				CLANG_WARN__DUPLICATE_METHOD_MATCH = YES;
				COPY_PHASE_STRIP = NO;
				DEBUG_INFORMATION_FORMAT = dwarf;
				ENABLE_STRICT_OBJC_MSGSEND = YES;
				ENABLE_TESTABILITY = YES;
				GCC_C_LANGUAGE_STANDARD = gnu11;
				GCC_DYNAMIC_NO_PIC = NO;
				GCC_NO_COMMON_BLOCKS = YES;
				GCC_OPTIMIZATION_LEVEL = 0;
				GCC_PREPROCESSOR_DEFINITIONS = (
					"DEBUG=1",
					"$(inherited)",
				);
				GCC_WARN_64_TO_32_BIT_CONVERSION = YES;
				GCC_WARN_ABOUT_RETURN_TYPE = YES_ERROR;
				GCC_WARN_UNDECLARED_SELECTOR = YES;
				GCC_WARN_UNINITIALIZED_AUTOS = YES_AGGRESSIVE;
				GCC_WARN_UNUSED_FUNCTION = YES;
				GCC_WARN_UNUSED_VARIABLE = YES;
				IPHONEOS_DEPLOYMENT_TARGET = 11.0;
				MTL_ENABLE_DEBUG_INFO = INCLUDE_SOURCE;
				MTL_FAST_MATH = YES;
				ONLY_ACTIVE_ARCH = YES;
				SDKROOT = iphoneos;
				SWIFT_ACTIVE_COMPILATION_CONDITIONS = DEBUG;
				SWIFT_OPTIMIZATION_LEVEL = "-Onone";
			};
			name = Debug;
		};
		526EA3C424BA05F50044EBE2 /* Release */ = {
			isa = XCBuildConfiguration;
			buildSettings = {
				ALWAYS_SEARCH_USER_PATHS = NO;
				CLANG_ANALYZER_NONNULL = YES;
				CLANG_ANALYZER_NUMBER_OBJECT_CONVERSION = YES_AGGRESSIVE;
				CLANG_CXX_LANGUAGE_STANDARD = "gnu++14";
				CLANG_CXX_LIBRARY = "libc++";
				CLANG_ENABLE_MODULES = YES;
				CLANG_ENABLE_OBJC_ARC = YES;
				CLANG_ENABLE_OBJC_WEAK = YES;
				CLANG_WARN_BLOCK_CAPTURE_AUTORELEASING = YES;
				CLANG_WARN_BOOL_CONVERSION = YES;
				CLANG_WARN_COMMA = YES;
				CLANG_WARN_CONSTANT_CONVERSION = YES;
				CLANG_WARN_DEPRECATED_OBJC_IMPLEMENTATIONS = YES;
				CLANG_WARN_DIRECT_OBJC_ISA_USAGE = YES_ERROR;
				CLANG_WARN_DOCUMENTATION_COMMENTS = YES;
				CLANG_WARN_EMPTY_BODY = YES;
				CLANG_WARN_ENUM_CONVERSION = YES;
				CLANG_WARN_INFINITE_RECURSION = YES;
				CLANG_WARN_INT_CONVERSION = YES;
				CLANG_WARN_NON_LITERAL_NULL_CONVERSION = YES;
				CLANG_WARN_OBJC_IMPLICIT_RETAIN_SELF = YES;
				CLANG_WARN_OBJC_LITERAL_CONVERSION = YES;
				CLANG_WARN_OBJC_ROOT_CLASS = YES_ERROR;
				CLANG_WARN_RANGE_LOOP_ANALYSIS = YES;
				CLANG_WARN_STRICT_PROTOTYPES = YES;
				CLANG_WARN_SUSPICIOUS_MOVE = YES;
				CLANG_WARN_UNGUARDED_AVAILABILITY = YES_AGGRESSIVE;
				CLANG_WARN_UNREACHABLE_CODE = YES;
				CLANG_WARN__DUPLICATE_METHOD_MATCH = YES;
				COPY_PHASE_STRIP = NO;
				DEBUG_INFORMATION_FORMAT = "dwarf-with-dsym";
				ENABLE_NS_ASSERTIONS = NO;
				ENABLE_STRICT_OBJC_MSGSEND = YES;
				GCC_C_LANGUAGE_STANDARD = gnu11;
				GCC_NO_COMMON_BLOCKS = YES;
				GCC_WARN_64_TO_32_BIT_CONVERSION = YES;
				GCC_WARN_ABOUT_RETURN_TYPE = YES_ERROR;
				GCC_WARN_UNDECLARED_SELECTOR = YES;
				GCC_WARN_UNINITIALIZED_AUTOS = YES_AGGRESSIVE;
				GCC_WARN_UNUSED_FUNCTION = YES;
				GCC_WARN_UNUSED_VARIABLE = YES;
				IPHONEOS_DEPLOYMENT_TARGET = 11.0;
				MTL_ENABLE_DEBUG_INFO = NO;
				MTL_FAST_MATH = YES;
				SDKROOT = iphoneos;
				SWIFT_COMPILATION_MODE = wholemodule;
				SWIFT_OPTIMIZATION_LEVEL = "-O";
				VALIDATE_PRODUCT = YES;
			};
			name = Release;
		};
		526EA3C624BA05F50044EBE2 /* Debug */ = {
			isa = XCBuildConfiguration;
			baseConfigurationReference = 556ABD857C85CF309C0B9454 /* Pods-FindDevy.debug.xcconfig */;
			buildSettings = {
				ASSETCATALOG_COMPILER_APPICON_NAME = AppIcon;
				CODE_SIGN_ENTITLEMENTS = FindDevy/FindDevy.entitlements;
				CODE_SIGN_STYLE = Automatic;
				CURRENT_PROJECT_VERSION = 0.0.3;
				DEVELOPMENT_TEAM = 5W72YMDK56;
				FRAMEWORK_SEARCH_PATHS = (
					"$(inherited)",
					"$(PROJECT_DIR)/Carthage/Build/iOS",
				);
				INFOPLIST_FILE = FindDevy/Info.plist;
				IPHONEOS_DEPLOYMENT_TARGET = 11.0;
				LD_RUNPATH_SEARCH_PATHS = (
					"$(inherited)",
					"@executable_path/Frameworks",
				);
				MARKETING_VERSION = 0.0.3;
				PRODUCT_BUNDLE_IDENTIFIER = hyeoktae.com.FindDevy;
				PRODUCT_NAME = "$(TARGET_NAME)";
				SWIFT_VERSION = 5.0;
				TARGETED_DEVICE_FAMILY = 1;
			};
			name = Debug;
		};
		526EA3C724BA05F50044EBE2 /* Release */ = {
			isa = XCBuildConfiguration;
			baseConfigurationReference = C89664CB803BACDB191844CB /* Pods-FindDevy.release.xcconfig */;
			buildSettings = {
				ASSETCATALOG_COMPILER_APPICON_NAME = AppIcon;
				CODE_SIGN_ENTITLEMENTS = FindDevy/FindDevy.entitlements;
				CODE_SIGN_STYLE = Automatic;
				CURRENT_PROJECT_VERSION = 0.0.3;
				DEVELOPMENT_TEAM = 5W72YMDK56;
				FRAMEWORK_SEARCH_PATHS = (
					"$(inherited)",
					"$(PROJECT_DIR)/Carthage/Build/iOS",
				);
				INFOPLIST_FILE = FindDevy/Info.plist;
				IPHONEOS_DEPLOYMENT_TARGET = 11.0;
				LD_RUNPATH_SEARCH_PATHS = (
					"$(inherited)",
					"@executable_path/Frameworks",
				);
				MARKETING_VERSION = 0.0.3;
				PRODUCT_BUNDLE_IDENTIFIER = hyeoktae.com.FindDevy;
				PRODUCT_NAME = "$(TARGET_NAME)";
				SWIFT_VERSION = 5.0;
				TARGETED_DEVICE_FAMILY = 1;
			};
			name = Release;
		};
/* End XCBuildConfiguration section */

/* Begin XCConfigurationList section */
		526EA3AC24BA05F40044EBE2 /* Build configuration list for PBXProject "FindDevy" */ = {
			isa = XCConfigurationList;
			buildConfigurations = (
				526EA3C324BA05F50044EBE2 /* Debug */,
				526EA3C424BA05F50044EBE2 /* Release */,
			);
			defaultConfigurationIsVisible = 0;
			defaultConfigurationName = Release;
		};
		526EA3C524BA05F50044EBE2 /* Build configuration list for PBXNativeTarget "FindDevy" */ = {
			isa = XCConfigurationList;
			buildConfigurations = (
				526EA3C624BA05F50044EBE2 /* Debug */,
				526EA3C724BA05F50044EBE2 /* Release */,
			);
			defaultConfigurationIsVisible = 0;
			defaultConfigurationName = Release;
		};
/* End XCConfigurationList section */
	};
	rootObject = 526EA3A924BA05F40044EBE2 /* Project object */;
}
